
Microsoft Visual Studio Solution File, Format Version 12.00
# Visual Studio Version 17
VisualStudioVersion = 17.9.34723.18
MinimumVisualStudioVersion = 10.0.40219.1
Project("{FAE04EC0-301F-11D3-BF4B-00C04F79EFBC}") = "ExtentionOverloadingMethods", "ExtentionOverloadingMethods\ExtentionOverloadingMethods.csproj", "{CABE8228-C2AA-45D6-80B7-A2CAB2576FE2}"
EndProject
Global
	GlobalSection(SolutionConfigurationPlatforms) = preSolution
		Debug|Any CPU = Debug|Any CPU
		Release|Any CPU = Release|Any CPU
	EndGlobalSection
	GlobalSection(ProjectConfigurationPlatforms) = postSolution
		{CABE8228-C2AA-45D6-80B7-A2CAB2576FE2}.Debug|Any CPU.ActiveCfg = Debug|Any CPU
		{CABE8228-C2AA-45D6-80B7-A2CAB2576FE2}.Debug|Any CPU.Build.0 = Debug|Any CPU
		{CABE8228-C2AA-45D6-80B7-A2CAB2576FE2}.Release|Any CPU.ActiveCfg = Release|Any CPU
		{CABE8228-C2AA-45D6-80B7-A2CAB2576FE2}.Release|Any CPU.Build.0 = Release|Any CPU
	EndGlobalSection
	GlobalSection(SolutionProperties) = preSolution
		HideSolutionNode = FALSE
	EndGlobalSection
	GlobalSection(ExtensibilityGlobals) = postSolution
		SolutionGuid = {B20FAD14-60B8-4608-A29D-4D82104F6512}
	EndGlobalSection
EndGlobal
